{
  "requires": true,
  "lockfileVersion": 1,
  "dependencies": {
    "vue-toasted": {
      "version": "1.1.27",
      "resolved": "https://registry.npmjs.org/vue-toasted/-/vue-toasted-1.1.27.tgz",
      "integrity": "sha512-GVbwInwnqkVxQ4GU/XYeQt1e0dAXL8sF5Hr1H/coCBbYUan5xP0G2mEz/HRDf1lt73rFQAN/bJcLTOKkqiM6tg=="
    }
  }
}
